
Microsoft Visual Studio Solution File, Format Version 12.00
# Visual Studio Version 17
VisualStudioVersion = 17.8.34525.116
MinimumVisualStudioVersion = 10.0.40219.1
Project("{FAE04EC0-301F-11D3-BF4B-00C04F79EFBC}") = "day2homeWork", "day2homeWork\day2homeWork.csproj", "{AFAC51E9-08BC-456C-8B83-F0098611EED2}"
EndProject
Global
	GlobalSection(SolutionConfigurationPlatforms) = preSolution
		Debug|Any CPU = Debug|Any CPU
		Release|Any CPU = Release|Any CPU
	EndGlobalSection
	GlobalSection(ProjectConfigurationPlatforms) = postSolution
		{AFAC51E9-08BC-456C-8B83-F0098611EED2}.Debug|Any CPU.ActiveCfg = Debug|Any CPU
		{AFAC51E9-08BC-456C-8B83-F0098611EED2}.Debug|Any CPU.Build.0 = Debug|Any CPU
		{AFAC51E9-08BC-456C-8B83-F0098611EED2}.Release|Any CPU.ActiveCfg = Release|Any CPU
		{AFAC51E9-08BC-456C-8B83-F0098611EED2}.Release|Any CPU.Build.0 = Release|Any CPU
	EndGlobalSection
	GlobalSection(SolutionProperties) = preSolution
		HideSolutionNode = FALSE
	EndGlobalSection
	GlobalSection(ExtensibilityGlobals) = postSolution
		SolutionGuid = {C2BC87E8-0BB8-4CF3-8244-FACF849E9A62}
	EndGlobalSection
EndGlobal
